{
  "meteor": {},
  "dependencies": {
    "basePackages": {
      "moment": {},
      "underscore-string-latest": {},
      "interpolated-helper": {
        "git": "https://github.com/tmeasday/interpolated-helper.git",
        "branch": "master"
      }
    },
    "packages": {
      "moment": {
        "git": "https://github.com/acreeger/meteor-moment.git",
        "tag": "v2.6.0",
        "commit": "26156df681750fd6e6ed77043eef32b6653ebbdf"
      },
      "underscore-string-latest": {
        "git": "https://github.com/TimHeckel/meteor-underscore-string.git",
        "tag": "v2.3.3",
        "commit": "4a5d70eee48fbd90a6e6fc78747250d704a0b3bb"
      },
      "interpolated-helper": {
        "git": "https://github.com/tmeasday/interpolated-helper.git",
        "branch": "master",
        "commit": "eac2fec3e39c8fec51b8eca5b00778db32c39177"
      }
    }
  }
}
